
Microsoft Visual Studio Solution File, Format Version 12.00
# Visual Studio Version 16
VisualStudioVersion = 16.0.30114.105
MinimumVisualStudioVersion = 10.0.40219.1
Project("{2150E333-8FDC-42A3-9474-1A3956D46DE8}") = "Solution Items", "Solution Items", "{0B5B76E2-F518-48AF-A7D9-6EE7794A5D1D}"
	ProjectSection(SolutionItems) = preProject
		readme.md = readme.md
	EndProjectSection
EndProject
Project("{8BC9CEB8-8B4A-11D0-8D11-00A0C91BC942}") = "01_Math", "01_Math\01_Math.vcxproj", "{BED2111D-9B3B-4FDB-8F36-2E0A63630F86}"
EndProject
Project("{8BC9CEB8-8B4A-11D0-8D11-00A0C91BC942}") = "02_Foundation_of_Direct3D", "02_Foundation_of_Direct3D\02_Foundation_of_Direct3D.vcxproj", "{E85F4F47-AB81-4453-817F-AA90C105F9DD}"
EndProject
Project("{8BC9CEB8-8B4A-11D0-8D11-00A0C91BC942}") = "03_Direct3D_Drawing", "03_Direct3D_Drawing\03_Direct3D_Drawing.vcxproj", "{964E91DC-BC55-4423-B6C2-648F55A971CD}"
EndProject
Project("{8BC9CEB8-8B4A-11D0-8D11-00A0C91BC942}") = "04_Color", "04_Color\04_Color.vcxproj", "{EDA3816D-AAB7-4DD4-AD5E-4BD7E71EDC49}"
EndProject
Project("{8BC9CEB8-8B4A-11D0-8D11-00A0C91BC942}") = "05_Lighting", "05_Lighting\05_Lighting.vcxproj", "{17FFBCD8-474C-4CB4-97D8-93F8B05CD2D6}"
EndProject
Global
	GlobalSection(SolutionConfigurationPlatforms) = preSolution
		Debug|x64 = Debug|x64
		Debug|x86 = Debug|x86
		Release|x64 = Release|x64
		Release|x86 = Release|x86
	EndGlobalSection
	GlobalSection(ProjectConfigurationPlatforms) = postSolution
		{BED2111D-9B3B-4FDB-8F36-2E0A63630F86}.Debug|x64.ActiveCfg = Debug|x64
		{BED2111D-9B3B-4FDB-8F36-2E0A63630F86}.Debug|x64.Build.0 = Debug|x64
		{BED2111D-9B3B-4FDB-8F36-2E0A63630F86}.Debug|x86.ActiveCfg = Debug|Win32
		{BED2111D-9B3B-4FDB-8F36-2E0A63630F86}.Debug|x86.Build.0 = Debug|Win32
		{BED2111D-9B3B-4FDB-8F36-2E0A63630F86}.Release|x64.ActiveCfg = Release|x64
		{BED2111D-9B3B-4FDB-8F36-2E0A63630F86}.Release|x64.Build.0 = Release|x64
		{BED2111D-9B3B-4FDB-8F36-2E0A63630F86}.Release|x86.ActiveCfg = Release|Win32
		{BED2111D-9B3B-4FDB-8F36-2E0A63630F86}.Release|x86.Build.0 = Release|Win32
		{E85F4F47-AB81-4453-817F-AA90C105F9DD}.Debug|x64.ActiveCfg = Debug|x64
		{E85F4F47-AB81-4453-817F-AA90C105F9DD}.Debug|x64.Build.0 = Debug|x64
		{E85F4F47-AB81-4453-817F-AA90C105F9DD}.Debug|x86.ActiveCfg = Debug|Win32
		{E85F4F47-AB81-4453-817F-AA90C105F9DD}.Debug|x86.Build.0 = Debug|Win32
		{E85F4F47-AB81-4453-817F-AA90C105F9DD}.Release|x64.ActiveCfg = Release|x64
		{E85F4F47-AB81-4453-817F-AA90C105F9DD}.Release|x64.Build.0 = Release|x64
		{E85F4F47-AB81-4453-817F-AA90C105F9DD}.Release|x86.ActiveCfg = Release|Win32
		{E85F4F47-AB81-4453-817F-AA90C105F9DD}.Release|x86.Build.0 = Release|Win32
		{964E91DC-BC55-4423-B6C2-648F55A971CD}.Debug|x64.ActiveCfg = Debug|x64
		{964E91DC-BC55-4423-B6C2-648F55A971CD}.Debug|x64.Build.0 = Debug|x64
		{964E91DC-BC55-4423-B6C2-648F55A971CD}.Debug|x86.ActiveCfg = Debug|Win32
		{964E91DC-BC55-4423-B6C2-648F55A971CD}.Debug|x86.Build.0 = Debug|Win32
		{964E91DC-BC55-4423-B6C2-648F55A971CD}.Release|x64.ActiveCfg = Release|x64
		{964E91DC-BC55-4423-B6C2-648F55A971CD}.Release|x64.Build.0 = Release|x64
		{964E91DC-BC55-4423-B6C2-648F55A971CD}.Release|x86.ActiveCfg = Release|Win32
		{964E91DC-BC55-4423-B6C2-648F55A971CD}.Release|x86.Build.0 = Release|Win32
		{EDA3816D-AAB7-4DD4-AD5E-4BD7E71EDC49}.Debug|x64.ActiveCfg = Debug|x64
		{EDA3816D-AAB7-4DD4-AD5E-4BD7E71EDC49}.Debug|x64.Build.0 = Debug|x64
		{EDA3816D-AAB7-4DD4-AD5E-4BD7E71EDC49}.Debug|x86.ActiveCfg = Debug|Win32
		{EDA3816D-AAB7-4DD4-AD5E-4BD7E71EDC49}.Debug|x86.Build.0 = Debug|Win32
		{EDA3816D-AAB7-4DD4-AD5E-4BD7E71EDC49}.Release|x64.ActiveCfg = Release|x64
		{EDA3816D-AAB7-4DD4-AD5E-4BD7E71EDC49}.Release|x64.Build.0 = Release|x64
		{EDA3816D-AAB7-4DD4-AD5E-4BD7E71EDC49}.Release|x86.ActiveCfg = Release|Win32
		{EDA3816D-AAB7-4DD4-AD5E-4BD7E71EDC49}.Release|x86.Build.0 = Release|Win32
		{17FFBCD8-474C-4CB4-97D8-93F8B05CD2D6}.Debug|x64.ActiveCfg = Debug|x64
		{17FFBCD8-474C-4CB4-97D8-93F8B05CD2D6}.Debug|x64.Build.0 = Debug|x64
		{17FFBCD8-474C-4CB4-97D8-93F8B05CD2D6}.Debug|x86.ActiveCfg = Debug|Win32
		{17FFBCD8-474C-4CB4-97D8-93F8B05CD2D6}.Debug|x86.Build.0 = Debug|Win32
		{17FFBCD8-474C-4CB4-97D8-93F8B05CD2D6}.Release|x64.ActiveCfg = Release|x64
		{17FFBCD8-474C-4CB4-97D8-93F8B05CD2D6}.Release|x64.Build.0 = Release|x64
		{17FFBCD8-474C-4CB4-97D8-93F8B05CD2D6}.Release|x86.ActiveCfg = Release|Win32
		{17FFBCD8-474C-4CB4-97D8-93F8B05CD2D6}.Release|x86.Build.0 = Release|Win32
	EndGlobalSection
	GlobalSection(SolutionProperties) = preSolution
		HideSolutionNode = FALSE
	EndGlobalSection
	GlobalSection(ExtensibilityGlobals) = postSolution
		SolutionGuid = {3A3BDC79-33C3-45BB-92A0-6C6BEBE506E0}
	EndGlobalSection
EndGlobal
